
Microsoft Visual Studio Solution File, Format Version 12.00
# Visual Studio Version 17
VisualStudioVersion = 17.1.32328.378
MinimumVisualStudioVersion = 10.0.40219.1
Project("{FAE04EC0-301F-11D3-BF4B-00C04F79EFBC}") = "Pharmacy", "Pharmacy\Pharmacy.csproj", "{5CD5F07D-C360-47B5-B396-0015175E8182}"
EndProject
Global
	GlobalSection(SolutionConfigurationPlatforms) = preSolution
		Debug|Any CPU = Debug|Any CPU
		Release|Any CPU = Release|Any CPU
	EndGlobalSection
	GlobalSection(ProjectConfigurationPlatforms) = postSolution
		{5CD5F07D-C360-47B5-B396-0015175E8182}.Debug|Any CPU.ActiveCfg = Debug|Any CPU
		{5CD5F07D-C360-47B5-B396-0015175E8182}.Debug|Any CPU.Build.0 = Debug|Any CPU
		{5CD5F07D-C360-47B5-B396-0015175E8182}.Release|Any CPU.ActiveCfg = Release|Any CPU
		{5CD5F07D-C360-47B5-B396-0015175E8182}.Release|Any CPU.Build.0 = Release|Any CPU
	EndGlobalSection
	GlobalSection(SolutionProperties) = preSolution
		HideSolutionNode = FALSE
	EndGlobalSection
	GlobalSection(ExtensibilityGlobals) = postSolution
		SolutionGuid = {57B4D0D7-E357-4DAE-8A4B-90180F64961D}
	EndGlobalSection
EndGlobal
