
Microsoft Visual Studio Solution File, Format Version 12.00
# Visual Studio Version 17
VisualStudioVersion = 17.1.32328.378
MinimumVisualStudioVersion = 10.0.40219.1
Project("{FAE04EC0-301F-11D3-BF4B-00C04F79EFBC}") = "Implementing DoubleLinked List", "Implementing DoubleLinked List\Implementing DoubleLinked List.csproj", "{F8F33917-E746-4E38-A890-8CD43A8F7728}"
EndProject
Global
	GlobalSection(SolutionConfigurationPlatforms) = preSolution
		Debug|Any CPU = Debug|Any CPU
		Release|Any CPU = Release|Any CPU
	EndGlobalSection
	GlobalSection(ProjectConfigurationPlatforms) = postSolution
		{F8F33917-E746-4E38-A890-8CD43A8F7728}.Debug|Any CPU.ActiveCfg = Debug|Any CPU
		{F8F33917-E746-4E38-A890-8CD43A8F7728}.Debug|Any CPU.Build.0 = Debug|Any CPU
		{F8F33917-E746-4E38-A890-8CD43A8F7728}.Release|Any CPU.ActiveCfg = Release|Any CPU
		{F8F33917-E746-4E38-A890-8CD43A8F7728}.Release|Any CPU.Build.0 = Release|Any CPU
	EndGlobalSection
	GlobalSection(SolutionProperties) = preSolution
		HideSolutionNode = FALSE
	EndGlobalSection
	GlobalSection(ExtensibilityGlobals) = postSolution
		SolutionGuid = {C97F79D5-8F8E-4DA4-9F9C-82C952AB3E01}
	EndGlobalSection
EndGlobal
