
Microsoft Visual Studio Solution File, Format Version 12.00
# Visual Studio Version 17
VisualStudioVersion = 17.2.32630.192
MinimumVisualStudioVersion = 10.0.40219.1
Project("{FAE04EC0-301F-11D3-BF4B-00C04F79EFBC}") = "01. Meal Plan", "01. Meal Plan\01. Meal Plan.csproj", "{1A928C53-CC3A-43E6-BA8C-A0976D0FA6D7}"
EndProject
Project("{FAE04EC0-301F-11D3-BF4B-00C04F79EFBC}") = "02. Truffle Hunter", "02. Truffle Hunter\02. Truffle Hunter.csproj", "{85349BAF-40AD-49A7-BEC1-7AA3FE27C13D}"
EndProject
Global
	GlobalSection(SolutionConfigurationPlatforms) = preSolution
		Debug|Any CPU = Debug|Any CPU
		Release|Any CPU = Release|Any CPU
	EndGlobalSection
	GlobalSection(ProjectConfigurationPlatforms) = postSolution
		{1A928C53-CC3A-43E6-BA8C-A0976D0FA6D7}.Debug|Any CPU.ActiveCfg = Debug|Any CPU
		{1A928C53-CC3A-43E6-BA8C-A0976D0FA6D7}.Debug|Any CPU.Build.0 = Debug|Any CPU
		{1A928C53-CC3A-43E6-BA8C-A0976D0FA6D7}.Release|Any CPU.ActiveCfg = Release|Any CPU
		{1A928C53-CC3A-43E6-BA8C-A0976D0FA6D7}.Release|Any CPU.Build.0 = Release|Any CPU
		{85349BAF-40AD-49A7-BEC1-7AA3FE27C13D}.Debug|Any CPU.ActiveCfg = Debug|Any CPU
		{85349BAF-40AD-49A7-BEC1-7AA3FE27C13D}.Debug|Any CPU.Build.0 = Debug|Any CPU
		{85349BAF-40AD-49A7-BEC1-7AA3FE27C13D}.Release|Any CPU.ActiveCfg = Release|Any CPU
		{85349BAF-40AD-49A7-BEC1-7AA3FE27C13D}.Release|Any CPU.Build.0 = Release|Any CPU
	EndGlobalSection
	GlobalSection(SolutionProperties) = preSolution
		HideSolutionNode = FALSE
	EndGlobalSection
	GlobalSection(ExtensibilityGlobals) = postSolution
		SolutionGuid = {7621742E-6AC6-4F0D-9523-23AED88B116F}
	EndGlobalSection
EndGlobal
