
Microsoft Visual Studio Solution File, Format Version 12.00
# Visual Studio Version 17
VisualStudioVersion = 17.1.32328.378
MinimumVisualStudioVersion = 10.0.40219.1
Project("{FAE04EC0-301F-11D3-BF4B-00C04F79EFBC}") = "01.", "01\01..csproj", "{D4F1F469-224E-47D2-B16B-9CFD3DA2A90F}"
EndProject
Project("{FAE04EC0-301F-11D3-BF4B-00C04F79EFBC}") = "02. Squares in Matrix", "02. Squares in Matrix\02. Squares in Matrix.csproj", "{95A7F755-6F0D-4F6E-927F-01E242E5E32E}"
EndProject
Project("{FAE04EC0-301F-11D3-BF4B-00C04F79EFBC}") = "04. Matrix Shuffling", "04. Matrix Shuffling\04. Matrix Shuffling.csproj", "{CBA929A5-B295-41E3-A594-BD0CF77EB91D}"
EndProject
Project("{FAE04EC0-301F-11D3-BF4B-00C04F79EFBC}") = "05. Snake Moves", "05. Snake Moves\05. Snake Moves.csproj", "{EFF6AFED-3CA7-480B-A022-F0A75D6282B2}"
EndProject
Project("{FAE04EC0-301F-11D3-BF4B-00C04F79EFBC}") = "06. Jagged Array Manipulator", "06. Jagged Array Manipulator\06. Jagged Array Manipulator.csproj", "{CC9524C2-1DE8-4989-83DD-48350CD3CA7E}"
EndProject
Global
	GlobalSection(SolutionConfigurationPlatforms) = preSolution
		Debug|Any CPU = Debug|Any CPU
		Release|Any CPU = Release|Any CPU
	EndGlobalSection
	GlobalSection(ProjectConfigurationPlatforms) = postSolution
		{D4F1F469-224E-47D2-B16B-9CFD3DA2A90F}.Debug|Any CPU.ActiveCfg = Debug|Any CPU
		{D4F1F469-224E-47D2-B16B-9CFD3DA2A90F}.Debug|Any CPU.Build.0 = Debug|Any CPU
		{D4F1F469-224E-47D2-B16B-9CFD3DA2A90F}.Release|Any CPU.ActiveCfg = Release|Any CPU
		{D4F1F469-224E-47D2-B16B-9CFD3DA2A90F}.Release|Any CPU.Build.0 = Release|Any CPU
		{95A7F755-6F0D-4F6E-927F-01E242E5E32E}.Debug|Any CPU.ActiveCfg = Debug|Any CPU
		{95A7F755-6F0D-4F6E-927F-01E242E5E32E}.Debug|Any CPU.Build.0 = Debug|Any CPU
		{95A7F755-6F0D-4F6E-927F-01E242E5E32E}.Release|Any CPU.ActiveCfg = Release|Any CPU
		{95A7F755-6F0D-4F6E-927F-01E242E5E32E}.Release|Any CPU.Build.0 = Release|Any CPU
		{CBA929A5-B295-41E3-A594-BD0CF77EB91D}.Debug|Any CPU.ActiveCfg = Debug|Any CPU
		{CBA929A5-B295-41E3-A594-BD0CF77EB91D}.Debug|Any CPU.Build.0 = Debug|Any CPU
		{CBA929A5-B295-41E3-A594-BD0CF77EB91D}.Release|Any CPU.ActiveCfg = Release|Any CPU
		{CBA929A5-B295-41E3-A594-BD0CF77EB91D}.Release|Any CPU.Build.0 = Release|Any CPU
		{EFF6AFED-3CA7-480B-A022-F0A75D6282B2}.Debug|Any CPU.ActiveCfg = Debug|Any CPU
		{EFF6AFED-3CA7-480B-A022-F0A75D6282B2}.Debug|Any CPU.Build.0 = Debug|Any CPU
		{EFF6AFED-3CA7-480B-A022-F0A75D6282B2}.Release|Any CPU.ActiveCfg = Release|Any CPU
		{EFF6AFED-3CA7-480B-A022-F0A75D6282B2}.Release|Any CPU.Build.0 = Release|Any CPU
		{CC9524C2-1DE8-4989-83DD-48350CD3CA7E}.Debug|Any CPU.ActiveCfg = Debug|Any CPU
		{CC9524C2-1DE8-4989-83DD-48350CD3CA7E}.Debug|Any CPU.Build.0 = Debug|Any CPU
		{CC9524C2-1DE8-4989-83DD-48350CD3CA7E}.Release|Any CPU.ActiveCfg = Release|Any CPU
		{CC9524C2-1DE8-4989-83DD-48350CD3CA7E}.Release|Any CPU.Build.0 = Release|Any CPU
	EndGlobalSection
	GlobalSection(SolutionProperties) = preSolution
		HideSolutionNode = FALSE
	EndGlobalSection
	GlobalSection(ExtensibilityGlobals) = postSolution
		SolutionGuid = {90A2D093-57E1-4483-A1D3-E04F9C89F006}
	EndGlobalSection
EndGlobal
