
Microsoft Visual Studio Solution File, Format Version 12.00
# Visual Studio Version 17
VisualStudioVersion = 17.2.32630.192
MinimumVisualStudioVersion = 10.0.40219.1
Project("{FAE04EC0-301F-11D3-BF4B-00C04F79EFBC}") = "01. Birthday Celebration", "01. Birthday Celebration\01. Birthday Celebration.csproj", "{80902111-786C-417D-B3B5-6B13854BA217}"
EndProject
Project("{FAE04EC0-301F-11D3-BF4B-00C04F79EFBC}") = "02. The Battle of The Five Armies", "02. The Battle of The Five Armies\02. The Battle of The Five Armies.csproj", "{20FD9D25-322B-4C55-ABD8-AA0CAD31F684}"
EndProject
Global
	GlobalSection(SolutionConfigurationPlatforms) = preSolution
		Debug|Any CPU = Debug|Any CPU
		Release|Any CPU = Release|Any CPU
	EndGlobalSection
	GlobalSection(ProjectConfigurationPlatforms) = postSolution
		{80902111-786C-417D-B3B5-6B13854BA217}.Debug|Any CPU.ActiveCfg = Debug|Any CPU
		{80902111-786C-417D-B3B5-6B13854BA217}.Debug|Any CPU.Build.0 = Debug|Any CPU
		{80902111-786C-417D-B3B5-6B13854BA217}.Release|Any CPU.ActiveCfg = Release|Any CPU
		{80902111-786C-417D-B3B5-6B13854BA217}.Release|Any CPU.Build.0 = Release|Any CPU
		{20FD9D25-322B-4C55-ABD8-AA0CAD31F684}.Debug|Any CPU.ActiveCfg = Debug|Any CPU
		{20FD9D25-322B-4C55-ABD8-AA0CAD31F684}.Debug|Any CPU.Build.0 = Debug|Any CPU
		{20FD9D25-322B-4C55-ABD8-AA0CAD31F684}.Release|Any CPU.ActiveCfg = Release|Any CPU
		{20FD9D25-322B-4C55-ABD8-AA0CAD31F684}.Release|Any CPU.Build.0 = Release|Any CPU
	EndGlobalSection
	GlobalSection(SolutionProperties) = preSolution
		HideSolutionNode = FALSE
	EndGlobalSection
	GlobalSection(ExtensibilityGlobals) = postSolution
		SolutionGuid = {11547B67-0CEF-4709-A9D0-0FBD8B6E3E3A}
	EndGlobalSection
EndGlobal
