
Microsoft Visual Studio Solution File, Format Version 12.00
# Visual Studio Version 17
VisualStudioVersion = 17.1.32328.378
MinimumVisualStudioVersion = 10.0.40219.1
Project("{FAE04EC0-301F-11D3-BF4B-00C04F79EFBC}") = "01. Meal Plan", "01. Meal Plan\01. Meal Plan.csproj", "{9CD68C61-34D7-4DDC-A1CA-3D4B0AF0C591}"
EndProject
Project("{FAE04EC0-301F-11D3-BF4B-00C04F79EFBC}") = "02. Beavers at Work", "02. Beavers at Work\02. Beavers at Work.csproj", "{D6ACBD9C-8A4D-4603-A14D-8631FCEB423E}"
EndProject
Global
	GlobalSection(SolutionConfigurationPlatforms) = preSolution
		Debug|Any CPU = Debug|Any CPU
		Release|Any CPU = Release|Any CPU
	EndGlobalSection
	GlobalSection(ProjectConfigurationPlatforms) = postSolution
		{9CD68C61-34D7-4DDC-A1CA-3D4B0AF0C591}.Debug|Any CPU.ActiveCfg = Debug|Any CPU
		{9CD68C61-34D7-4DDC-A1CA-3D4B0AF0C591}.Debug|Any CPU.Build.0 = Debug|Any CPU
		{9CD68C61-34D7-4DDC-A1CA-3D4B0AF0C591}.Release|Any CPU.ActiveCfg = Release|Any CPU
		{9CD68C61-34D7-4DDC-A1CA-3D4B0AF0C591}.Release|Any CPU.Build.0 = Release|Any CPU
		{D6ACBD9C-8A4D-4603-A14D-8631FCEB423E}.Debug|Any CPU.ActiveCfg = Debug|Any CPU
		{D6ACBD9C-8A4D-4603-A14D-8631FCEB423E}.Debug|Any CPU.Build.0 = Debug|Any CPU
		{D6ACBD9C-8A4D-4603-A14D-8631FCEB423E}.Release|Any CPU.ActiveCfg = Release|Any CPU
		{D6ACBD9C-8A4D-4603-A14D-8631FCEB423E}.Release|Any CPU.Build.0 = Release|Any CPU
	EndGlobalSection
	GlobalSection(SolutionProperties) = preSolution
		HideSolutionNode = FALSE
	EndGlobalSection
	GlobalSection(ExtensibilityGlobals) = postSolution
		SolutionGuid = {8FA39300-5449-47F0-8049-A8E133F871C6}
	EndGlobalSection
EndGlobal
